{
  "version": 4,
  "terraform_version": "1.0.7",
  "serial": 1,
  "lineage": "2894818a-e286-622d-b522-5e6fb110245d",
  "outputs": {},
  "resources": [
    {
      "mode": "managed",
      "type": "google_container_cluster",
      "name": "primary",
      "provider": "provider[\"registry.terraform.io/hashicorp/google\"]",
      "instances": [
        {
          "schema_version": 1,
          "attributes": {
            "additional_zones": [],
            "addons_config": [
              {
                "horizontal_pod_autoscaling": [],
                "http_load_balancing": [],
                "kubernetes_dashboard": [],
                "network_policy_config": [
                  {
                    "disabled": true
                  }
                ]
              }
            ],
            "authenticator_groups_config": [],
            "cluster_autoscaling": [
              {
                "auto_provisioning_defaults": [],
                "enabled": false,
                "resource_limits": []
              }
            ],
            "cluster_ipv4_cidr": "10.16.0.0/14",
            "default_max_pods_per_node": 110,
            "description": "",
            "enable_binary_authorization": null,
            "enable_intranode_visibility": null,
            "enable_kubernetes_alpha": false,
            "enable_legacy_abac": false,
            "enable_tpu": null,
            "endpoint": "34.121.10.18",
            "id": "projects/wise-cycling-321405/locations/us-central1-a/clusters/dr-cluster",
            "initial_node_count": 3,
            "instance_group_urls": [
              "https://www.googleapis.com/compute/v1/projects/wise-cycling-321405/zones/us-central1-a/instanceGroups/gke-dr-cluster-default-pool-d2f5bd09-grp"
            ],
            "ip_allocation_policy": [
              {
                "cluster_ipv4_cidr_block": "10.16.0.0/14",
                "cluster_secondary_range_name": "gke-dr-cluster-pods-ef424a7a",
                "create_subnetwork": false,
                "node_ipv4_cidr_block": "",
                "services_ipv4_cidr_block": "10.20.0.0/20",
                "services_secondary_range_name": "gke-dr-cluster-services-ef424a7a",
                "subnetwork_name": "",
                "use_ip_aliases": false
              }
            ],
            "location": "us-central1-a",
            "logging_service": "logging.googleapis.com/kubernetes",
            "maintenance_policy": [],
            "master_auth": [
              {
                "client_certificate": "",
                "client_certificate_config": [
                  {
                    "issue_client_certificate": false
                  }
                ],
                "client_key": "",
                "cluster_ca_certificate": "LS0tLS1CRUdJTiBDRVJUSUZJQ0FURS0tLS0tCk1JSUVMRENDQXBTZ0F3SUJBZ0lRRzF6Ni9kOTJucURYdTlzVUhKaTB1ekFOQmdrcWhraUc5dzBCQVFzRkFEQXYKTVMwd0t3WURWUVFERXlRMk1qTTFOamN4TXkxaE1XTTRMVFF5WXpNdE9URXlaaTFrWW1Oa1ptTXdNbVk1TXpFdwpJQmNOTWpFd09USTVNRGsxTVRRMFdoZ1BNakExTVRBNU1qSXhNRFV4TkRSYU1DOHhMVEFyQmdOVkJBTVRKRFl5Ck16VTJOekV6TFdFeFl6Z3ROREpqTXkwNU1USm1MV1JpWTJSbVl6QXlaamt6TVRDQ0FhSXdEUVlKS29aSWh2Y04KQVFFQkJRQURnZ0dQQURDQ0FZb0NnZ0dCQUtQOGNwenl5ZE13Y3FXMlpLeVM3REkzcUlqR1RTRDVxOEVqeDJPUgpmVk4yV3lrVEFrK092akR0ODdpbE83U205RnA4c2k4ZWk4Qjl6QUlEdW9GRFZGYnVVV3NydjUrRjVnVWJwamJyCmhmNEJEN3NDNzFpcjhpR1JkS0hWTW05dXdQWGFvdXN0dm1sVE5oSGNOd0VZSE5Pa3ZkRkhFUW9nd3RGemxDd1gKTjBBRDZaeUVSSit3OEcxU3ZpUXRWbGIxWVByM2d1WDhieTV5eU4vVmNuL2ZyTUptVTRKdlFLTU9SUGw2K2UyVgpYL095UU1abEtpcFpQWitGd3hkd3V3MTRrNSthSW5iUGVNSGVCN2J6VkNyNE92elhlM1p5dFVTb1V1UGlydzkzCkR3SGtDOENXalB4TW55US9hN3hoeHFoQnc3Z1A2c2hSYjBNaC9kV3BOUU5oUm90eVhOVnRjWTNoYjlZNkxZcTEKT2F0ejNRNE9jNGRhL0NhUTc5aDl5blZzSnpNOEJ6VGM5UGYzaEdxT0NtbVFDeXdSem0wQlM5cjNsSmp4azBkVgpkMjlPbnFta3JCd3FYK2RiWVZyVnQ0bkpmaGJXMno5MXhwUGtlZlpxS1d5U2l1UGNCYklaM0FVc1pUcW55d0V1Cm1sblNTbWJwZVVVdFNYUk1ucDdxRVJEVVV3SURBUUFCbzBJd1FEQU9CZ05WSFE4QkFmOEVCQU1DQWdRd0R3WUQKVlIwVEFRSC9CQVV3QXdFQi96QWRCZ05WSFE0RUZnUVU1bmVrS2tMSFUxYnNrN1U4a1VJTnNnOTBQb1l3RFFZSgpLb1pJaHZjTkFRRUxCUUFEZ2dHQkFEUzFVMXFaNm45WlNwcWt3N0JDWGhMNXdrUy8rRXhlMWExYUpDSEN6aEZqCkZZRHBYclptMnlpbVRIanIwcXR6YkpNU1g4Vkh6bVRBOFc4d0FSTllCQ24wdkJkRjZBSzlTMURnazQrcjJLTFEKeWY3TzROY3RZUFhPTlBmYmNBbUJ1ZXlTSGRoOUhyd0FPdlRDOUZZc2dsQmFoM2xTeW5tY0lIVFg1S1JaVE55bgpqM3ZUcjZ4bnZ3UTlmRC9HengwSEx0YThXNVlLVGo5emp4VHJ5TEtNVVBEa3pYV3ZubmpYV3BNb2phdTNNT3hrCjJkUmRlV2o5SzZUeUZVSmp5M3VFaUN1M2tzU0lybWF5VTdJb3krNWMxMVNCRXVPdFcxeEpTcVlkR3EyOFdDbWwKTHhQcjU3RUxJYkY1THpsVlUrcnIvbFFJbzc5L3hrcVYwbWo0dWtYdGpsVU1rM0p6N3lJUjR4S2EzblJGd2pMTwpySTdFWkxiYUVKYURtUTdMQmlEdE96UVdHenJTZ3k5OW16SXQ3SWlBMGdsL0RZaUhDZU9xNitmMXd4UVAwL1RlCkNlazd6anVIRllsVUwwQk1TSVZhMWhsM1NESVJRcE0wakxWWENMaHNKUTU0eFVJbFovREY5THBJcko2SnJOU3YKL1NjaTdCbk1ERFduNnAvbUtwWHVndz09Ci0tLS0tRU5EIENFUlRJRklDQVRFLS0tLS0K",
                "password": "",
                "username": ""
              }
            ],
            "master_authorized_networks_config": [],
            "master_version": "1.20.9-gke.1001",
            "min_master_version": null,
            "monitoring_service": "monitoring.googleapis.com/kubernetes",
            "name": "dr-cluster",
            "network": "projects/wise-cycling-321405/global/networks/default",
            "network_policy": [
              {
                "enabled": false,
                "provider": "PROVIDER_UNSPECIFIED"
              }
            ],
            "node_config": [
              {
                "disk_size_gb": 100,
                "disk_type": "pd-standard",
                "guest_accelerator": [],
                "image_type": "COS_CONTAINERD",
                "labels": {},
                "local_ssd_count": 0,
                "machine_type": "e2-medium",
                "metadata": {
                  "disable-legacy-endpoints": "true"
                },
                "min_cpu_platform": "",
                "oauth_scopes": [
                  "https://www.googleapis.com/auth/devstorage.read_only",
                  "https://www.googleapis.com/auth/logging.write",
                  "https://www.googleapis.com/auth/monitoring",
                  "https://www.googleapis.com/auth/service.management.readonly",
                  "https://www.googleapis.com/auth/servicecontrol",
                  "https://www.googleapis.com/auth/trace.append"
                ],
                "preemptible": false,
                "sandbox_config": [],
                "service_account": "default",
                "shielded_instance_config": [
                  {
                    "enable_integrity_monitoring": true,
                    "enable_secure_boot": false
                  }
                ],
                "tags": [],
                "taint": [],
                "workload_metadata_config": []
              }
            ],
            "node_locations": [],
            "node_pool": [
              {
                "autoscaling": [],
                "initial_node_count": 3,
                "instance_group_urls": [
                  "https://www.googleapis.com/compute/v1/projects/wise-cycling-321405/zones/us-central1-a/instanceGroupManagers/gke-dr-cluster-default-pool-d2f5bd09-grp"
                ],
                "management": [
                  {
                    "auto_repair": true,
                    "auto_upgrade": true
                  }
                ],
                "max_pods_per_node": 110,
                "name": "default-pool",
                "name_prefix": "",
                "node_config": [
                  {
                    "disk_size_gb": 100,
                    "disk_type": "pd-standard",
                    "guest_accelerator": [],
                    "image_type": "COS_CONTAINERD",
                    "labels": {},
                    "local_ssd_count": 0,
                    "machine_type": "e2-medium",
                    "metadata": {
                      "disable-legacy-endpoints": "true"
                    },
                    "min_cpu_platform": "",
                    "oauth_scopes": [
                      "https://www.googleapis.com/auth/devstorage.read_only",
                      "https://www.googleapis.com/auth/logging.write",
                      "https://www.googleapis.com/auth/monitoring",
                      "https://www.googleapis.com/auth/service.management.readonly",
                      "https://www.googleapis.com/auth/servicecontrol",
                      "https://www.googleapis.com/auth/trace.append"
                    ],
                    "preemptible": false,
                    "sandbox_config": [],
                    "service_account": "default",
                    "shielded_instance_config": [
                      {
                        "enable_integrity_monitoring": true,
                        "enable_secure_boot": false
                      }
                    ],
                    "tags": [],
                    "taint": [],
                    "workload_metadata_config": []
                  }
                ],
                "node_count": 3,
                "version": "1.20.9-gke.1001"
              }
            ],
            "node_version": "1.20.9-gke.1001",
            "operation": null,
            "pod_security_policy_config": null,
            "private_cluster_config": [],
            "project": "wise-cycling-321405",
            "region": null,
            "remove_default_node_pool": null,
            "resource_labels": null,
            "services_ipv4_cidr": "10.20.0.0/20",
            "subnetwork": "projects/wise-cycling-321405/regions/us-central1/subnetworks/default",
            "timeouts": null,
            "vertical_pod_autoscaling": [],
            "zone": null
          },
          "sensitive_attributes": [],
          "private": "eyJlMmJmYjczMC1lY2FhLTExZTYtOGY4OC0zNDM2M2JjN2M0YzAiOnsiY3JlYXRlIjoyNDAwMDAwMDAwMDAwLCJkZWxldGUiOjI0MDAwMDAwMDAwMDAsInVwZGF0ZSI6MzYwMDAwMDAwMDAwMH0sInNjaGVtYV92ZXJzaW9uIjoiMSJ9"
        }
      ]
    }
  ]
}
