{
  "version": 4,
  "terraform_version": "1.0.8",
  "serial": 3,
  "lineage": "e507415b-d372-4b06-8bf3-d2b1e6dbbe3d",
  "outputs": {},
  "resources": [
    {
      "mode": "managed",
      "type": "google_container_cluster",
      "name": "primary",
      "provider": "provider[\"registry.terraform.io/hashicorp/google\"]",
      "instances": [
        {
          "schema_version": 1,
          "attributes": {
            "additional_zones": [],
            "addons_config": [
              {
                "horizontal_pod_autoscaling": [],
                "http_load_balancing": [],
                "kubernetes_dashboard": [],
                "network_policy_config": [
                  {
                    "disabled": true
                  }
                ]
              }
            ],
            "authenticator_groups_config": [],
            "cluster_autoscaling": [
              {
                "auto_provisioning_defaults": [],
                "enabled": false,
                "resource_limits": []
              }
            ],
            "cluster_ipv4_cidr": "10.116.0.0/14",
            "default_max_pods_per_node": null,
            "description": "",
            "enable_binary_authorization": null,
            "enable_intranode_visibility": null,
            "enable_kubernetes_alpha": false,
            "enable_legacy_abac": false,
            "enable_tpu": null,
            "endpoint": "35.225.235.8",
            "id": "projects/authentic-codex-329608/locations/us-central1-c/clusters/istio-demo-cluster",
            "initial_node_count": 4,
            "instance_group_urls": [
              "https://www.googleapis.com/compute/v1/projects/authentic-codex-329608/zones/us-central1-c/instanceGroups/gke-istio-demo-cluster-default-pool-f32c978d-grp"
            ],
            "ip_allocation_policy": [],
            "location": "us-central1-c",
            "logging_service": "logging.googleapis.com/kubernetes",
            "maintenance_policy": [],
            "master_auth": [
              {
                "client_certificate": "",
                "client_certificate_config": [
                  {
                    "issue_client_certificate": false
                  }
                ],
                "client_key": "",
                "cluster_ca_certificate": "LS0tLS1CRUdJTiBDRVJUSUZJQ0FURS0tLS0tCk1JSUVMRENDQXBTZ0F3SUJBZ0lRUFI0ZVlELzZyVk1jNmR0TGNiNTRoakFOQmdrcWhraUc5dzBCQVFzRkFEQXYKTVMwd0t3WURWUVFERXlRMlpXTXlNall4TkMwNE5qUXdMVFF3TkdFdFltSmlaQzB3WkRVMU56a3pNVFEzWldJdwpJQmNOTWpFeE1ESXdNRGd3TlRRNVdoZ1BNakExTVRFd01UTXdPVEExTkRsYU1DOHhMVEFyQmdOVkJBTVRKRFpsCll6SXlOakUwTFRnMk5EQXROREEwWVMxaVltSmtMVEJrTlRVM09UTXhORGRsWWpDQ0FhSXdEUVlKS29aSWh2Y04KQVFFQkJRQURnZ0dQQURDQ0FZb0NnZ0dCQU1ET0VVQ3RyaW9vMGk2ZlJrNk1IT0NZaE15UnJ1b3R4VTM2M1A0bwpENEMvd29ya2JQYjFzUGk1dmovYVY3L0UvR3Vqb0lTcDNsUG5tcndSWjVRZitRbktRQjREc05RMGRHRmxSVzBFCncyZ0t0cVZxRDdSZ2g5MTJ1ZFMwM0FqZ3RKV3NEL2ZTbkRkM1FuSnVsNGNNWTg4R2o3WmRuRnl2TXZNYWU5ckkKMXNmMXova2FPU1RCZmRCblpwbVlCcTVFRzlNL1ZGUngrSGVYSHlhTDVCNWNmTlFaaXNrdWgrTmxaUTdaRlBkZgpFZTJScjVkKzBpMVM3ZVNVRHdiVjdyQzNZbkRKNiswcDE3bXdObjQ1ck8vTE5haGg3bUdiSTM4aDgrUUVPY1EyCmJtbnlZOGVUcUF3alVlSWZZY1QySTVaVmRRSk4rYm00UG9SVlZJL1lNdjBBRnRDaVhkaS9sWEw5dkFEN2NPSFAKbkRidk5NVkRhNnJ6OFNCRW5OaU1DWjZQSHJoUjYwbW41N1VSNGVLbThxUmswcU9kZDU0N3lMKzNNREZhazdIRQpkREdia21jNGhqTVNyL21mTjl4SWV0MkFPZ0lYbkxoRWI5OGJ3TE5lbCs3aDhXYnpZRUE1MTl6cGZpeTVlY0tHCmovR1J2SUpDWHAxVGJ2R0NBV3RQUVg4UUp3SURBUUFCbzBJd1FEQU9CZ05WSFE4QkFmOEVCQU1DQWdRd0R3WUQKVlIwVEFRSC9CQVV3QXdFQi96QWRCZ05WSFE0RUZnUVV1Wi9EeXVuS1hDNlkxSTVJSS9hZWdKbTYxend3RFFZSgpLb1pJaHZjTkFRRUxCUUFEZ2dHQkFDYzhpVmZTQjFFRm9XR0I4cmFpNVRaa1duc3dleWIwdm5KSnJaaUw1QnExCm9lbFE5dXdLNFgyazllOXNSMXA3clg3QWw3M1BTc0IrdjU0emczcnFQSEY1b1BzUndQUTJVcEVBN015RWxjR3gKQ1NteTVneTIxVkdNSFYxcWIrUjVIdnZUNW8rc0JzVXNPU3BDT3R5eThCWWFBUWVaVmY1dzZhSzlLV2xkTkNNNgpXYk5hQ2N2N1FEakc3b2NraTZJUmtsaWpYUk05QmhlSFJvS1Qxbmx5TTQrcUxUOFE3RDVWYS9CN2JUNW96MDFICkNkb1dtbWRnbVRpeFREV3NveTJNZWtQNC9jQk8vVy82RU1raGp3OVk0OWt4NUpFbW82dHZnRmxRN0NXc1o1VGUKUnFLamNKcUJTaGFBaUFxTlorUWR1d3dKa2w3OUFHbHRoQnh1bzFLMitmOVJ4S25UNDc0Y0ttV0VvZ0lwYUgyUwpDeklpZDRUQllPUk1weXRXYnNkRmp3Y3dCUnBVRXh0eFdackFQaGxqNkNxN2JtR3UrK1NMNnA1c3cxc2tEWmNWCmZpc1Ztd2Q3enJ6VVhHbkJ5WWhYQjlERVBkd0JVYm9RMGdqVVVPR0gvclQ4S3ZQMnRjNUtNWGxMeHZFWUlkVmwKSmhwYkJDeUFBWVpxSzZQQXRWekdRUT09Ci0tLS0tRU5EIENFUlRJRklDQVRFLS0tLS0K",
                "password": "",
                "username": ""
              }
            ],
            "master_authorized_networks_config": [],
            "master_version": "1.20.10-gke.301",
            "min_master_version": null,
            "monitoring_service": "monitoring.googleapis.com/kubernetes",
            "name": "istio-demo-cluster",
            "network": "projects/authentic-codex-329608/global/networks/default",
            "network_policy": [
              {
                "enabled": false,
                "provider": "PROVIDER_UNSPECIFIED"
              }
            ],
            "node_config": [
              {
                "disk_size_gb": 100,
                "disk_type": "pd-standard",
                "guest_accelerator": [],
                "image_type": "COS_CONTAINERD",
                "labels": {},
                "local_ssd_count": 0,
                "machine_type": "n1-standard-2",
                "metadata": {
                  "disable-legacy-endpoints": "true"
                },
                "min_cpu_platform": "",
                "oauth_scopes": [
                  "https://www.googleapis.com/auth/logging.write",
                  "https://www.googleapis.com/auth/monitoring"
                ],
                "preemptible": false,
                "sandbox_config": [],
                "service_account": "default",
                "shielded_instance_config": [
                  {
                    "enable_integrity_monitoring": true,
                    "enable_secure_boot": false
                  }
                ],
                "tags": null,
                "taint": [],
                "workload_metadata_config": []
              }
            ],
            "node_locations": [],
            "node_pool": [
              {
                "autoscaling": [],
                "initial_node_count": 4,
                "instance_group_urls": [
                  "https://www.googleapis.com/compute/v1/projects/authentic-codex-329608/zones/us-central1-c/instanceGroupManagers/gke-istio-demo-cluster-default-pool-f32c978d-grp"
                ],
                "management": [
                  {
                    "auto_repair": true,
                    "auto_upgrade": true
                  }
                ],
                "max_pods_per_node": 0,
                "name": "default-pool",
                "name_prefix": "",
                "node_config": [
                  {
                    "disk_size_gb": 100,
                    "disk_type": "pd-standard",
                    "guest_accelerator": [],
                    "image_type": "COS_CONTAINERD",
                    "labels": {},
                    "local_ssd_count": 0,
                    "machine_type": "n1-standard-2",
                    "metadata": {
                      "disable-legacy-endpoints": "true"
                    },
                    "min_cpu_platform": "",
                    "oauth_scopes": [
                      "https://www.googleapis.com/auth/logging.write",
                      "https://www.googleapis.com/auth/monitoring"
                    ],
                    "preemptible": false,
                    "sandbox_config": [],
                    "service_account": "default",
                    "shielded_instance_config": [
                      {
                        "enable_integrity_monitoring": true,
                        "enable_secure_boot": false
                      }
                    ],
                    "tags": [],
                    "taint": [],
                    "workload_metadata_config": []
                  }
                ],
                "node_count": 4,
                "version": "1.20.10-gke.301"
              }
            ],
            "node_version": "1.20.10-gke.301",
            "operation": null,
            "pod_security_policy_config": null,
            "private_cluster_config": [],
            "project": "authentic-codex-329608",
            "region": null,
            "remove_default_node_pool": null,
            "resource_labels": null,
            "services_ipv4_cidr": "10.119.240.0/20",
            "subnetwork": "projects/authentic-codex-329608/regions/us-central1/subnetworks/default",
            "timeouts": null,
            "vertical_pod_autoscaling": [],
            "zone": null
          },
          "sensitive_attributes": [],
          "private": "eyJlMmJmYjczMC1lY2FhLTExZTYtOGY4OC0zNDM2M2JjN2M0YzAiOnsiY3JlYXRlIjoyNDAwMDAwMDAwMDAwLCJkZWxldGUiOjI0MDAwMDAwMDAwMDAsInVwZGF0ZSI6MzYwMDAwMDAwMDAwMH0sInNjaGVtYV92ZXJzaW9uIjoiMSJ9"
        }
      ]
    }
  ]
}
