{
  "version": 4,
  "terraform_version": "1.0.7",
  "serial": 1,
  "lineage": "0287fa39-8202-0583-8c62-e83278dd47cc",
  "outputs": {},
  "resources": [
    {
      "mode": "managed",
      "type": "google_container_cluster",
      "name": "primary",
      "provider": "provider[\"registry.terraform.io/hashicorp/google\"]",
      "instances": [
        {
          "schema_version": 1,
          "attributes": {
            "additional_zones": [],
            "addons_config": [
              {
                "horizontal_pod_autoscaling": [],
                "http_load_balancing": [],
                "kubernetes_dashboard": [],
                "network_policy_config": [
                  {
                    "disabled": true
                  }
                ]
              }
            ],
            "authenticator_groups_config": [],
            "cluster_autoscaling": [
              {
                "auto_provisioning_defaults": [],
                "enabled": false,
                "resource_limits": []
              }
            ],
            "cluster_ipv4_cidr": "10.72.0.0/14",
            "default_max_pods_per_node": 110,
            "description": "",
            "enable_binary_authorization": null,
            "enable_intranode_visibility": null,
            "enable_kubernetes_alpha": false,
            "enable_legacy_abac": false,
            "enable_tpu": null,
            "endpoint": "34.126.209.181",
            "id": "projects/wise-cycling-321405/locations/asia-south2-a/clusters/prod-cluster",
            "initial_node_count": 3,
            "instance_group_urls": [
              "https://www.googleapis.com/compute/v1/projects/wise-cycling-321405/zones/asia-south2-a/instanceGroups/gke-prod-cluster-default-pool-74e89a25-grp"
            ],
            "ip_allocation_policy": [
              {
                "cluster_ipv4_cidr_block": "10.72.0.0/14",
                "cluster_secondary_range_name": "gke-prod-cluster-pods-b0e7d339",
                "create_subnetwork": false,
                "node_ipv4_cidr_block": "",
                "services_ipv4_cidr_block": "10.76.0.0/20",
                "services_secondary_range_name": "gke-prod-cluster-services-b0e7d339",
                "subnetwork_name": "",
                "use_ip_aliases": false
              }
            ],
            "location": "asia-south2-a",
            "logging_service": "logging.googleapis.com/kubernetes",
            "maintenance_policy": [],
            "master_auth": [
              {
                "client_certificate": "",
                "client_certificate_config": [
                  {
                    "issue_client_certificate": false
                  }
                ],
                "client_key": "",
                "cluster_ca_certificate": "LS0tLS1CRUdJTiBDRVJUSUZJQ0FURS0tLS0tCk1JSUVMVENDQXBXZ0F3SUJBZ0lSQU9ITXA4REdjK2d6NmJ3UCsrd0FMdUV3RFFZSktvWklodmNOQVFFTEJRQXcKTHpFdE1Dc0dBMVVFQXhNa1ltRTVORE0zWmpVdE5tTXlOaTAwTURkbUxXRTRPV010WlRnM1l6QmlPVGd3WlRsawpNQ0FYRFRJeE1Ea3lPVEE1TkRjME0xb1lEekl3TlRFd09USXlNVEEwTnpReldqQXZNUzB3S3dZRFZRUURFeVJpCllUazBNemRtTlMwMll6STJMVFF3TjJZdFlUZzVZeTFsT0Rkak1HSTVPREJsT1dRd2dnR2lNQTBHQ1NxR1NJYjMKRFFFQkFRVUFBNElCandBd2dnR0tBb0lCZ1FESVdoUnEwaXdSbjRrQkRUYUQzaU5DcEFPNFRqVkJkT3k2eldYZQpoMGpUa1ZhSHVsTVluYkREdWlnRXRRaVhSSXdxMWZ4Tno3ZURrQnZxbEp4dFBWcnJMSWdzTFBwTjdJbzlvWTZmCm5NRzBYQUdwV0RGNTA1MjEybDZYZVhwdXh0MWt1YUcydHFINXFHV0s2S081V0Nkb1gyc2pqb1lud1pWZ1cvdTEKRzN6SEJVci9NSlVmR01jT3FHQzA1NUN1R2RPa2NiSTlONzZwOHlXci9EYVFPWW9uYml4S3JsbGppMit5ME1YOQpZVFRCcjZkV1FJYmNlNlBHT0lybzFnZU1jN29ReXRUOGcraDVXNHZTNTZtQVU3YVJtWVppdndTdTNSNjNrMGlFCkNwL09odVp0UGR1V1Mrd3ZnTFRUVWhja2orOTk0bmRDSFp6dHNnRDBTQ2NhKzVjdmh4eExaZDV2eEh1U2xwd00KcVFKb1dmcDhOcWVsM1FYeldsV2w3V2xVMUN4V1VWVmh6VDZ4NWU1TEc3d3owWEFvV0FvakNGeTZ2TDhQNTV5SQpNOWVaVUVvY0tUOXVMV3hFWjdxUjVsRHNmUlRoS0JHQVBLc3FjdW5CeCtoLzRKL1Y4dUIzUVkrQUdNdW5kdnNHCkhHd2c0YVowczBKM2VFdzJqbGJwQTF3OFRQMENBd0VBQWFOQ01FQXdEZ1lEVlIwUEFRSC9CQVFEQWdJRU1BOEcKQTFVZEV3RUIvd1FGTUFNQkFmOHdIUVlEVlIwT0JCWUVGS24xZjYzUUZlTXV4b2YrZE5KMHFKREl3QnpnTUEwRwpDU3FHU0liM0RRRUJDd1VBQTRJQmdRQW0ralJiWDYvL0psTmljcDVPSGFKL1VnTU1meGFpblF4ME1MeGRQSHRRCjhTWXl6NHZLQWxRV05zMm8rUmRJQXhKNDljVGdNUy9BelpLNHNoS29xSkNpZlBwQ3ArVGFtN2gwNG9WY0VJaDkKU2VPT3FoVEVlaUlVMzY5bU9kd2RQY1ZZeitsVVgyaUFESm55aVNOMzNqUUZRQTRzbkoxUHZXWVpHV0lxQXBBUgpTb0QraDZ1Z3gwcVFxdldreUxFbVJnSnlycmFCMkltcXJqSEdqUklhWkQ2em0zSWovdldYa3FvemNTTUdRaENjCmVpNG0xVlhuVXdKTm5Ea0ZpaXp5MjRueEdUZU5JK1RxQ1pDbHJ1VUhlSytEc1pLcWR1TU5peGx5VnZLUnhkUkIKcmNCYnRDcldnRS9WOEJkZFVya082aHRvZ2hNZ0owelNQOTFvMWlPa2lCSXhnZWoyRXFZSjRvenVLS25UM0lYVQpBNXFKaVl1MmJUUkhzbzdvQVdYaDE1c1pkOEdkL3JRRUY1R3NTdXVWZGNzNmFnZUU2L2dpZ3E2YmtJS2NDMEN1CmNFSUVYaTg0SmhiYkwxWUZnWHJ1ZHdnUEthV1pOWU94UUQrMlp3MmROZzJHeUNtZG56a2tiNmppQzU5QmFQRzAKUXRaOGFTL29hdldwMjlwd0xyVTlKY3c9Ci0tLS0tRU5EIENFUlRJRklDQVRFLS0tLS0K",
                "password": "",
                "username": ""
              }
            ],
            "master_authorized_networks_config": [],
            "master_version": "1.20.9-gke.1001",
            "min_master_version": null,
            "monitoring_service": "monitoring.googleapis.com/kubernetes",
            "name": "prod-cluster",
            "network": "projects/wise-cycling-321405/global/networks/default",
            "network_policy": [
              {
                "enabled": false,
                "provider": "PROVIDER_UNSPECIFIED"
              }
            ],
            "node_config": [
              {
                "disk_size_gb": 100,
                "disk_type": "pd-standard",
                "guest_accelerator": [],
                "image_type": "COS_CONTAINERD",
                "labels": {},
                "local_ssd_count": 0,
                "machine_type": "e2-medium",
                "metadata": {
                  "disable-legacy-endpoints": "true"
                },
                "min_cpu_platform": "",
                "oauth_scopes": [
                  "https://www.googleapis.com/auth/devstorage.read_only",
                  "https://www.googleapis.com/auth/logging.write",
                  "https://www.googleapis.com/auth/monitoring",
                  "https://www.googleapis.com/auth/service.management.readonly",
                  "https://www.googleapis.com/auth/servicecontrol",
                  "https://www.googleapis.com/auth/trace.append"
                ],
                "preemptible": false,
                "sandbox_config": [],
                "service_account": "default",
                "shielded_instance_config": [
                  {
                    "enable_integrity_monitoring": true,
                    "enable_secure_boot": false
                  }
                ],
                "tags": [],
                "taint": [],
                "workload_metadata_config": []
              }
            ],
            "node_locations": [],
            "node_pool": [
              {
                "autoscaling": [],
                "initial_node_count": 3,
                "instance_group_urls": [
                  "https://www.googleapis.com/compute/v1/projects/wise-cycling-321405/zones/asia-south2-a/instanceGroupManagers/gke-prod-cluster-default-pool-74e89a25-grp"
                ],
                "management": [
                  {
                    "auto_repair": true,
                    "auto_upgrade": true
                  }
                ],
                "max_pods_per_node": 110,
                "name": "default-pool",
                "name_prefix": "",
                "node_config": [
                  {
                    "disk_size_gb": 100,
                    "disk_type": "pd-standard",
                    "guest_accelerator": [],
                    "image_type": "COS_CONTAINERD",
                    "labels": {},
                    "local_ssd_count": 0,
                    "machine_type": "e2-medium",
                    "metadata": {
                      "disable-legacy-endpoints": "true"
                    },
                    "min_cpu_platform": "",
                    "oauth_scopes": [
                      "https://www.googleapis.com/auth/devstorage.read_only",
                      "https://www.googleapis.com/auth/logging.write",
                      "https://www.googleapis.com/auth/monitoring",
                      "https://www.googleapis.com/auth/service.management.readonly",
                      "https://www.googleapis.com/auth/servicecontrol",
                      "https://www.googleapis.com/auth/trace.append"
                    ],
                    "preemptible": false,
                    "sandbox_config": [],
                    "service_account": "default",
                    "shielded_instance_config": [
                      {
                        "enable_integrity_monitoring": true,
                        "enable_secure_boot": false
                      }
                    ],
                    "tags": [],
                    "taint": [],
                    "workload_metadata_config": []
                  }
                ],
                "node_count": 3,
                "version": "1.20.9-gke.1001"
              }
            ],
            "node_version": "1.20.9-gke.1001",
            "operation": null,
            "pod_security_policy_config": null,
            "private_cluster_config": [],
            "project": "wise-cycling-321405",
            "region": null,
            "remove_default_node_pool": null,
            "resource_labels": null,
            "services_ipv4_cidr": "10.76.0.0/20",
            "subnetwork": "projects/wise-cycling-321405/regions/asia-south2/subnetworks/default",
            "timeouts": null,
            "vertical_pod_autoscaling": [],
            "zone": null
          },
          "sensitive_attributes": [],
          "private": "eyJlMmJmYjczMC1lY2FhLTExZTYtOGY4OC0zNDM2M2JjN2M0YzAiOnsiY3JlYXRlIjoyNDAwMDAwMDAwMDAwLCJkZWxldGUiOjI0MDAwMDAwMDAwMDAsInVwZGF0ZSI6MzYwMDAwMDAwMDAwMH0sInNjaGVtYV92ZXJzaW9uIjoiMSJ9"
        }
      ]
    }
  ]
}
