{
  "version": 4,
  "terraform_version": "1.0.6",
  "serial": 9,
  "lineage": "6412cf7b-cfd6-c969-2bfa-ae48a042dbed",
  "outputs": {},
  "resources": [
    {
      "mode": "managed",
      "type": "google_compute_instance",
      "name": "vm_instance",
      "provider": "provider[\"registry.terraform.io/hashicorp/google\"]",
      "instances": [
        {
          "schema_version": 6,
          "attributes": {
            "advanced_machine_features": [],
            "allow_stopping_for_update": null,
            "attached_disk": [],
            "boot_disk": [
              {
                "auto_delete": true,
                "device_name": "persistent-disk-0",
                "disk_encryption_key_raw": "",
                "disk_encryption_key_sha256": "",
                "initialize_params": [
                  {
                    "image": "https://www.googleapis.com/compute/v1/projects/centos-cloud/global/images/centos-7-v20210817",
                    "labels": {},
                    "size": 20,
                    "type": "pd-standard"
                  }
                ],
                "kms_key_self_link": "",
                "mode": "READ_WRITE",
                "source": "https://www.googleapis.com/compute/v1/projects/careful-mapper-323409/zones/us-central1-a/disks/sre-terminal005"
              }
            ],
            "can_ip_forward": false,
            "confidential_instance_config": [],
            "cpu_platform": "Intel Haswell",
            "current_status": "RUNNING",
            "deletion_protection": false,
            "description": "",
            "desired_status": null,
            "enable_display": false,
            "guest_accelerator": [],
            "hostname": "",
            "id": "projects/careful-mapper-323409/zones/us-central1-a/instances/sre-terminal005",
            "instance_id": "7808431580213584124",
            "label_fingerprint": "42WmSpB8rSM=",
            "labels": null,
            "machine_type": "n1-standard-1",
            "metadata": null,
            "metadata_fingerprint": "0il21lS-ZE0=",
            "metadata_startup_script": "",
            "min_cpu_platform": "",
            "name": "sre-terminal005",
            "network_interface": [
              {
                "access_config": [
                  {
                    "nat_ip": "35.238.219.181",
                    "network_tier": "PREMIUM",
                    "public_ptr_domain_name": ""
                  }
                ],
                "alias_ip_range": [],
                "name": "nic0",
                "network": "https://www.googleapis.com/compute/v1/projects/careful-mapper-323409/global/networks/terraform-sreboot01",
                "network_ip": "10.222.0.8",
                "nic_type": "",
                "subnetwork": "https://www.googleapis.com/compute/v1/projects/careful-mapper-323409/regions/us-central1/subnetworks/terraform-sreboot01",
                "subnetwork_project": "careful-mapper-323409"
              }
            ],
            "project": "careful-mapper-323409",
            "reservation_affinity": [],
            "resource_policies": null,
            "scheduling": [
              {
                "automatic_restart": true,
                "min_node_cpus": 0,
                "node_affinities": [],
                "on_host_maintenance": "MIGRATE",
                "preemptible": false
              }
            ],
            "scratch_disk": [],
            "self_link": "https://www.googleapis.com/compute/v1/projects/careful-mapper-323409/zones/us-central1-a/instances/sre-terminal005",
            "service_account": [],
            "shielded_instance_config": [
              {
                "enable_integrity_monitoring": true,
                "enable_secure_boot": false,
                "enable_vtpm": true
              }
            ],
            "tags": null,
            "tags_fingerprint": "42WmSpB8rSM=",
            "timeouts": null,
            "zone": "us-central1-a"
          },
          "sensitive_attributes": [],
          "private": "eyJlMmJmYjczMC1lY2FhLTExZTYtOGY4OC0zNDM2M2JjN2M0YzAiOnsiY3JlYXRlIjoxMjAwMDAwMDAwMDAwLCJkZWxldGUiOjEyMDAwMDAwMDAwMDAsInVwZGF0ZSI6MTIwMDAwMDAwMDAwMH0sInNjaGVtYV92ZXJzaW9uIjoiNiJ9",
          "dependencies": [
            "google_compute_network.vpc_network",
            "google_compute_subnetwork.vpc_subnet"
          ]
        }
      ]
    },
    {
      "mode": "managed",
      "type": "google_compute_network",
      "name": "vpc_network",
      "provider": "provider[\"registry.terraform.io/hashicorp/google\"]",
      "instances": [
        {
          "schema_version": 0,
          "attributes": {
            "auto_create_subnetworks": false,
            "delete_default_routes_on_create": false,
            "description": "",
            "gateway_ipv4": "",
            "id": "projects/careful-mapper-323409/global/networks/terraform-sreboot01",
            "mtu": 0,
            "name": "terraform-sreboot01",
            "project": "careful-mapper-323409",
            "routing_mode": "REGIONAL",
            "self_link": "https://www.googleapis.com/compute/v1/projects/careful-mapper-323409/global/networks/terraform-sreboot01",
            "timeouts": null
          },
          "sensitive_attributes": [],
          "private": "eyJlMmJmYjczMC1lY2FhLTExZTYtOGY4OC0zNDM2M2JjN2M0YzAiOnsiY3JlYXRlIjoyNDAwMDAwMDAwMDAsImRlbGV0ZSI6MjQwMDAwMDAwMDAwLCJ1cGRhdGUiOjI0MDAwMDAwMDAwMH19"
        }
      ]
    },
    {
      "mode": "managed",
      "type": "google_compute_subnetwork",
      "name": "vpc_subnet",
      "provider": "provider[\"registry.terraform.io/hashicorp/google\"]",
      "instances": [
        {
          "schema_version": 0,
          "attributes": {
            "creation_timestamp": "2021-09-13T02:15:04.562-07:00",
            "description": "",
            "fingerprint": null,
            "gateway_address": "10.222.0.1",
            "id": "projects/careful-mapper-323409/regions/us-central1/subnetworks/terraform-sreboot01",
            "ip_cidr_range": "10.222.0.0/20",
            "log_config": [],
            "name": "terraform-sreboot01",
            "network": "https://www.googleapis.com/compute/v1/projects/careful-mapper-323409/global/networks/terraform-sreboot01",
            "private_ip_google_access": true,
            "private_ipv6_google_access": "DISABLE_GOOGLE_ACCESS",
            "project": "careful-mapper-323409",
            "purpose": "PRIVATE",
            "region": "us-central1",
            "role": "",
            "secondary_ip_range": [],
            "self_link": "https://www.googleapis.com/compute/v1/projects/careful-mapper-323409/regions/us-central1/subnetworks/terraform-sreboot01",
            "timeouts": null
          },
          "sensitive_attributes": [],
          "private": "eyJlMmJmYjczMC1lY2FhLTExZTYtOGY4OC0zNDM2M2JjN2M0YzAiOnsiY3JlYXRlIjozNjAwMDAwMDAwMDAsImRlbGV0ZSI6MzYwMDAwMDAwMDAwLCJ1cGRhdGUiOjM2MDAwMDAwMDAwMH19",
          "dependencies": [
            "google_compute_network.vpc_network"
          ]
        }
      ]
    },
    {
      "mode": "managed",
      "type": "google_container_cluster",
      "name": "srebootcamp-gke-cluster",
      "provider": "provider[\"registry.terraform.io/hashicorp/google\"]",
      "instances": [
        {
          "schema_version": 1,
          "attributes": {
            "addons_config": [
              {
                "cloudrun_config": [],
                "horizontal_pod_autoscaling": [],
                "http_load_balancing": [],
                "network_policy_config": [
                  {
                    "disabled": true
                  }
                ]
              }
            ],
            "authenticator_groups_config": [],
            "cluster_autoscaling": [
              {
                "auto_provisioning_defaults": [],
                "enabled": false,
                "resource_limits": []
              }
            ],
            "cluster_ipv4_cidr": "10.40.0.0/14",
            "database_encryption": [
              {
                "key_name": "",
                "state": "DECRYPTED"
              }
            ],
            "datapath_provider": "",
            "default_max_pods_per_node": null,
            "default_snat_status": [
              {
                "disabled": false
              }
            ],
            "description": "",
            "enable_autopilot": false,
            "enable_binary_authorization": false,
            "enable_intranode_visibility": false,
            "enable_kubernetes_alpha": false,
            "enable_legacy_abac": false,
            "enable_shielded_nodes": false,
            "enable_tpu": false,
            "endpoint": "34.69.116.26",
            "id": "projects/careful-mapper-323409/locations/us-central1/clusters/srebootcamp-gke-cluster",
            "initial_node_count": 1,
            "instance_group_urls": [
              "https://www.googleapis.com/compute/v1/projects/careful-mapper-323409/zones/us-central1-b/instanceGroups/gke-srebootcamp-gke-cluster-linuxnode-6750d76a-grp",
              "https://www.googleapis.com/compute/v1/projects/careful-mapper-323409/zones/us-central1-a/instanceGroups/gke-srebootcamp-gke-cluster-linuxnode-3ccc2554-grp",
              "https://www.googleapis.com/compute/v1/projects/careful-mapper-323409/zones/us-central1-c/instanceGroups/gke-srebootcamp-gke-cluster-linuxnode-ee93ca42-grp"
            ],
            "ip_allocation_policy": [],
            "label_fingerprint": "a9dc16a7",
            "location": "us-central1",
            "logging_service": "logging.googleapis.com/kubernetes",
            "maintenance_policy": [],
            "master_auth": [
              {
                "client_certificate": "",
                "client_certificate_config": [
                  {
                    "issue_client_certificate": false
                  }
                ],
                "client_key": "",
                "cluster_ca_certificate": "LS0tLS1CRUdJTiBDRVJUSUZJQ0FURS0tLS0tCk1JSUVMVENDQXBXZ0F3SUJBZ0lSQUpQRTljUWdyVTFDNks2TWZnZDNncDB3RFFZSktvWklodmNOQVFFTEJRQXcKTHpFdE1Dc0dBMVVFQXhNa04yRTVORFppWVRJdE9UTTVaQzAwWW1ReUxUbGlOMk10TkRReU56RTBZV1k0WWpjNApNQ0FYRFRJeE1Ea3hNekE0TVRVeU4xb1lEekl3TlRFd09UQTJNRGt4TlRJM1dqQXZNUzB3S3dZRFZRUURFeVEzCllUazBObUpoTWkwNU16bGtMVFJpWkRJdE9XSTNZeTAwTkRJM01UUmhaamhpTnpnd2dnR2lNQTBHQ1NxR1NJYjMKRFFFQkFRVUFBNElCandBd2dnR0tBb0lCZ1FEVXloSkdPdHFCeTdMYlJaY2toZzQ3TWoyWUVRUjRXUEVLSTRQNApYdU50MVZ1ZjJtVTJPY1ZRMG84eDZSUWNpOE44anhnTEgxdzNDWG83RFpsMGNWYXQyMTR5UzIydmYzS0p5alpECmVDcVluZGwwV242WTBMN1Z0d0hIa2wvL2pqL29lclROT1M1VzVQOUExYjRRRkNRUFJCY1RvSGE1Rnc1QnBVWXMKc3ZzUXhyM2QzbHFScTNoOXVlWm9jZWxnTUJ2RlpFb0VLUzg3Z3luUktCWVFhUjJDMTdha3A3Q3NWd3NOWGE4ZApGL3lTTVpLUkl0ZUIxcEJLaWl5dWVrc0NtYjE0TzNESisyZTZ4YW5ibndCZVJOM3FaRWFMcjZoQTdYSXhGNHM0CmpvUVNVSVVWVm9EWVE0YjVadU12NjRkS2ZKMHFKcmg4NW9JSlhCRStZUkRaUTkxVU44K0lNN0RRNVRDdTFmTFQKRXhUbndjdGV1cTNkd1lybzRwMHA1RnJ3R09YZS81dDJIYm9yaUhhd05CWWY0TXZyK1BzVzI1b21ybUk2VFJrVQpmbUJVNlVWTDRpYWRSWmxxSncyOTY3VHNtMXBqYi83b1RNSGNlNTdpc0dmak9qZW5HQ2FJYjBCcWJIeUR0L2VVCnUxb0ZSNHJNTnQ1ejNBREpJam5tS0lYZzJoOENBd0VBQWFOQ01FQXdEZ1lEVlIwUEFRSC9CQVFEQWdJRU1BOEcKQTFVZEV3RUIvd1FGTUFNQkFmOHdIUVlEVlIwT0JCWUVGSFFSdDZyUnZrdWFLeFp1bDlFelBoS2Z2WXdRTUEwRwpDU3FHU0liM0RRRUJDd1VBQTRJQmdRQXdPL3MxTEtGOTRZazI0L2pFYUkzQ2tNTWtLVzBib2kxTzBDMXRGUHc5CkpXSHovVmJhTEVyOFZxOEljaWxRWkIwN21nZnVhWkxqSDBUcGNZc3VJV3hHQzJaRWRvQUNLdmYwT0EwZWM3SzUKQkVwR21GNlhKbTBhSmtJM3ZVNjdacWxESDFxOW5PdnNHcjNJSUU1ajVhY2NST3hHZ3hNMG9YbWJkT2ZZSFdyaApBcFpYazBqVThJTldnc1Z0TUhFamxHM1hteDFYYjJ2dDFJTko3MEE3VTJEUnBnQ21mOFI2Y21sVDJBT05BTWFQCkNuZzdLMlRjNDIzRENPdEpxOFNFbVNPNWdpd3BLNEM5ZkpxZSt0TEEzTExOemJGUVFxSlQyNm83L1NGU2t4USsKWnU5Y3FMd3BaYnkvV2dMYjVVczgwOFU4UzF4UkJEb1VaNlpaTTY5QW5xTHlwVml5MTc0MXFsQkV5TXl3MmUxZwpqazBraFY0YmV4Q0J2MjdrUVVNRjFWc1dtNTc1YjlXRlNwOXZuN1crdHhkdllSVG1PVEtRaXVwdk55TjN6YlpWCndBaktaVms5Rzh6UEtpcFN0YkZpSEtRZ2U2V0pyeWZaZ1pRMUZ0bFRKenZGcEJ4T09GaW9rVjByUzZZWTM4NSsKUVFpcHA4cXpLYW9ESm1Ma1ZMU1dRKzQ9Ci0tLS0tRU5EIENFUlRJRklDQVRFLS0tLS0K",
                "password": "",
                "username": ""
              }
            ],
            "master_authorized_networks_config": [],
            "master_version": "1.20.9-gke.701",
            "min_master_version": null,
            "monitoring_service": "monitoring.googleapis.com/kubernetes",
            "name": "srebootcamp-gke-cluster",
            "network": "projects/careful-mapper-323409/global/networks/terraform-sreboot01",
            "network_policy": [
              {
                "enabled": false,
                "provider": "PROVIDER_UNSPECIFIED"
              }
            ],
            "networking_mode": "ROUTES",
            "node_config": [
              {
                "disk_size_gb": 100,
                "disk_type": "pd-standard",
                "guest_accelerator": [],
                "image_type": "COS_CONTAINERD",
                "labels": {},
                "local_ssd_count": 0,
                "machine_type": "n1-standard-1",
                "metadata": {
                  "disable-legacy-endpoints": "true"
                },
                "min_cpu_platform": "",
                "oauth_scopes": [
                  "https://www.googleapis.com/auth/logging.write",
                  "https://www.googleapis.com/auth/monitoring"
                ],
                "preemptible": false,
                "service_account": "default",
                "shielded_instance_config": [
                  {
                    "enable_integrity_monitoring": true,
                    "enable_secure_boot": false
                  }
                ],
                "tags": [],
                "taint": [],
                "workload_metadata_config": []
              }
            ],
            "node_locations": [
              "us-central1-a",
              "us-central1-b",
              "us-central1-c"
            ],
            "node_pool": [
              {
                "autoscaling": [],
                "initial_node_count": 1,
                "instance_group_urls": [
                  "https://www.googleapis.com/compute/v1/projects/careful-mapper-323409/zones/us-central1-b/instanceGroupManagers/gke-srebootcamp-gke-cluster-linuxnode-6750d76a-grp",
                  "https://www.googleapis.com/compute/v1/projects/careful-mapper-323409/zones/us-central1-a/instanceGroupManagers/gke-srebootcamp-gke-cluster-linuxnode-3ccc2554-grp",
                  "https://www.googleapis.com/compute/v1/projects/careful-mapper-323409/zones/us-central1-c/instanceGroupManagers/gke-srebootcamp-gke-cluster-linuxnode-ee93ca42-grp"
                ],
                "management": [
                  {
                    "auto_repair": true,
                    "auto_upgrade": true
                  }
                ],
                "max_pods_per_node": 0,
                "name": "linuxnode",
                "name_prefix": "",
                "node_config": [
                  {
                    "disk_size_gb": 100,
                    "disk_type": "pd-standard",
                    "guest_accelerator": [],
                    "image_type": "COS_CONTAINERD",
                    "labels": {},
                    "local_ssd_count": 0,
                    "machine_type": "n1-standard-1",
                    "metadata": {
                      "disable-legacy-endpoints": "true"
                    },
                    "min_cpu_platform": "",
                    "oauth_scopes": [
                      "https://www.googleapis.com/auth/logging.write",
                      "https://www.googleapis.com/auth/monitoring"
                    ],
                    "preemptible": false,
                    "service_account": "default",
                    "shielded_instance_config": [
                      {
                        "enable_integrity_monitoring": true,
                        "enable_secure_boot": false
                      }
                    ],
                    "tags": [],
                    "taint": [],
                    "workload_metadata_config": []
                  }
                ],
                "node_count": 1,
                "node_locations": [
                  "us-central1-a",
                  "us-central1-b",
                  "us-central1-c"
                ],
                "upgrade_settings": [
                  {
                    "max_surge": 1,
                    "max_unavailable": 0
                  }
                ],
                "version": "1.20.9-gke.701"
              }
            ],
            "node_version": "1.20.9-gke.701",
            "operation": null,
            "pod_security_policy_config": [],
            "private_cluster_config": [],
            "private_ipv6_google_access": "",
            "project": "careful-mapper-323409",
            "release_channel": [
              {
                "channel": "REGULAR"
              }
            ],
            "remove_default_node_pool": true,
            "resource_labels": {},
            "resource_usage_export_config": [],
            "self_link": "https://container.googleapis.com/v1beta1/projects/careful-mapper-323409/locations/us-central1/clusters/srebootcamp-gke-cluster",
            "services_ipv4_cidr": "10.43.240.0/20",
            "subnetwork": "projects/careful-mapper-323409/regions/us-central1/subnetworks/terraform-sreboot01",
            "timeouts": null,
            "tpu_ipv4_cidr_block": "",
            "vertical_pod_autoscaling": [],
            "workload_identity_config": []
          },
          "sensitive_attributes": [],
          "private": "eyJlMmJmYjczMC1lY2FhLTExZTYtOGY4OC0zNDM2M2JjN2M0YzAiOnsiY3JlYXRlIjoyNDAwMDAwMDAwMDAwLCJkZWxldGUiOjI0MDAwMDAwMDAwMDAsInJlYWQiOjI0MDAwMDAwMDAwMDAsInVwZGF0ZSI6MzYwMDAwMDAwMDAwMH0sInNjaGVtYV92ZXJzaW9uIjoiMSJ9",
          "dependencies": [
            "google_compute_network.vpc_network",
            "google_compute_subnetwork.vpc_subnet"
          ]
        }
      ]
    },
    {
      "mode": "managed",
      "type": "google_container_node_pool",
      "name": "linuxnode",
      "provider": "provider[\"registry.terraform.io/hashicorp/google\"]",
      "instances": [
        {
          "schema_version": 1,
          "attributes": {
            "autoscaling": [],
            "cluster": "srebootcamp-gke-cluster",
            "id": "projects/careful-mapper-323409/locations/us-central1/clusters/srebootcamp-gke-cluster/nodePools/linuxnode",
            "initial_node_count": 1,
            "instance_group_urls": [
              "https://www.googleapis.com/compute/v1/projects/careful-mapper-323409/zones/us-central1-b/instanceGroupManagers/gke-srebootcamp-gke-cluster-linuxnode-6750d76a-grp",
              "https://www.googleapis.com/compute/v1/projects/careful-mapper-323409/zones/us-central1-a/instanceGroupManagers/gke-srebootcamp-gke-cluster-linuxnode-3ccc2554-grp",
              "https://www.googleapis.com/compute/v1/projects/careful-mapper-323409/zones/us-central1-c/instanceGroupManagers/gke-srebootcamp-gke-cluster-linuxnode-ee93ca42-grp"
            ],
            "location": "us-central1",
            "management": [
              {
                "auto_repair": true,
                "auto_upgrade": true
              }
            ],
            "max_pods_per_node": null,
            "name": "linuxnode",
            "name_prefix": "",
            "node_config": [
              {
                "disk_size_gb": 100,
                "disk_type": "pd-standard",
                "guest_accelerator": [],
                "image_type": "COS_CONTAINERD",
                "labels": {},
                "local_ssd_count": 0,
                "machine_type": "n1-standard-1",
                "metadata": {
                  "disable-legacy-endpoints": "true"
                },
                "min_cpu_platform": "",
                "oauth_scopes": [
                  "https://www.googleapis.com/auth/logging.write",
                  "https://www.googleapis.com/auth/monitoring"
                ],
                "preemptible": false,
                "service_account": "default",
                "shielded_instance_config": [
                  {
                    "enable_integrity_monitoring": true,
                    "enable_secure_boot": false
                  }
                ],
                "tags": [],
                "taint": [],
                "workload_metadata_config": []
              }
            ],
            "node_count": 1,
            "node_locations": [
              "us-central1-a",
              "us-central1-b",
              "us-central1-c"
            ],
            "operation": null,
            "project": "careful-mapper-323409",
            "timeouts": null,
            "upgrade_settings": [
              {
                "max_surge": 1,
                "max_unavailable": 0
              }
            ],
            "version": "1.20.9-gke.701"
          },
          "sensitive_attributes": [],
          "private": "eyJlMmJmYjczMC1lY2FhLTExZTYtOGY4OC0zNDM2M2JjN2M0YzAiOnsiY3JlYXRlIjoxODAwMDAwMDAwMDAwLCJkZWxldGUiOjE4MDAwMDAwMDAwMDAsInVwZGF0ZSI6MTgwMDAwMDAwMDAwMH0sInNjaGVtYV92ZXJzaW9uIjoiMSJ9",
          "dependencies": [
            "google_compute_network.vpc_network",
            "google_compute_subnetwork.vpc_subnet",
            "google_container_cluster.srebootcamp-gke-cluster"
          ]
        }
      ]
    }
  ]
}
